
Microsoft Visual Studio Solution File, Format Version 12.00
# Visual Studio 14
VisualStudioVersion = 14.0.24720.0
MinimumVisualStudioVersion = 10.0.40219.1
Project("{2150E333-8FDC-42A3-9474-1A3956D46DE8}") = "Engine", "Engine", "{7C25BBA0-C048-4340-83FB-64A651801B22}"
EndProject
Project("{2150E333-8FDC-42A3-9474-1A3956D46DE8}") = "Games", "Games", "{32CBB3A0-54B2-4531-9C13-30D12BE2DB5E}"
EndProject
Project("{8BC9CEB8-8B4A-11D0-8D11-00A0C91BC942}") = "UE4", "Intermediate\ProjectFiles\UE4.vcxproj", "{E94873FA-2518-4BB1-995A-57DA7523AFEF}"
EndProject
Project("{8BC9CEB8-8B4A-11D0-8D11-00A0C91BC942}") = "ClashOfBalls", "Intermediate\ProjectFiles\ClashOfBalls.vcxproj", "{7383E85E-0027-4045-9714-C439C06D9A14}"
EndProject
Global
	GlobalSection(SolutionConfigurationPlatforms) = preSolution
		DebugGame Editor|Win32 = DebugGame Editor|Win32
		DebugGame Editor|Win64 = DebugGame Editor|Win64
		DebugGame|Win32 = DebugGame|Win32
		DebugGame|Win64 = DebugGame|Win64
		Development Editor|Win32 = Development Editor|Win32
		Development Editor|Win64 = Development Editor|Win64
		Development|Win32 = Development|Win32
		Development|Win64 = Development|Win64
		Shipping|Win32 = Shipping|Win32
		Shipping|Win64 = Shipping|Win64
	EndGlobalSection
	GlobalSection(ProjectConfigurationPlatforms) = postSolution
		{E94873FA-2518-4BB1-995A-57DA7523AFEF}.DebugGame Editor|Win32.ActiveCfg = BuiltWithUnrealBuildTool|Win32
		{E94873FA-2518-4BB1-995A-57DA7523AFEF}.DebugGame Editor|Win32.Build.0 = BuiltWithUnrealBuildTool|Win32
		{E94873FA-2518-4BB1-995A-57DA7523AFEF}.DebugGame Editor|Win64.ActiveCfg = BuiltWithUnrealBuildTool|Win32
		{E94873FA-2518-4BB1-995A-57DA7523AFEF}.DebugGame Editor|Win64.Build.0 = BuiltWithUnrealBuildTool|Win32
		{E94873FA-2518-4BB1-995A-57DA7523AFEF}.DebugGame|Win32.ActiveCfg = BuiltWithUnrealBuildTool|Win32
		{E94873FA-2518-4BB1-995A-57DA7523AFEF}.DebugGame|Win32.Build.0 = BuiltWithUnrealBuildTool|Win32
		{E94873FA-2518-4BB1-995A-57DA7523AFEF}.DebugGame|Win64.ActiveCfg = BuiltWithUnrealBuildTool|Win32
		{E94873FA-2518-4BB1-995A-57DA7523AFEF}.DebugGame|Win64.Build.0 = BuiltWithUnrealBuildTool|Win32
		{E94873FA-2518-4BB1-995A-57DA7523AFEF}.Development Editor|Win32.ActiveCfg = BuiltWithUnrealBuildTool|Win32
		{E94873FA-2518-4BB1-995A-57DA7523AFEF}.Development Editor|Win32.Build.0 = BuiltWithUnrealBuildTool|Win32
		{E94873FA-2518-4BB1-995A-57DA7523AFEF}.Development Editor|Win64.ActiveCfg = BuiltWithUnrealBuildTool|Win32
		{E94873FA-2518-4BB1-995A-57DA7523AFEF}.Development Editor|Win64.Build.0 = BuiltWithUnrealBuildTool|Win32
		{E94873FA-2518-4BB1-995A-57DA7523AFEF}.Development|Win32.ActiveCfg = BuiltWithUnrealBuildTool|Win32
		{E94873FA-2518-4BB1-995A-57DA7523AFEF}.Development|Win32.Build.0 = BuiltWithUnrealBuildTool|Win32
		{E94873FA-2518-4BB1-995A-57DA7523AFEF}.Development|Win64.ActiveCfg = BuiltWithUnrealBuildTool|Win32
		{E94873FA-2518-4BB1-995A-57DA7523AFEF}.Development|Win64.Build.0 = BuiltWithUnrealBuildTool|Win32
		{E94873FA-2518-4BB1-995A-57DA7523AFEF}.Shipping|Win32.ActiveCfg = BuiltWithUnrealBuildTool|Win32
		{E94873FA-2518-4BB1-995A-57DA7523AFEF}.Shipping|Win32.Build.0 = BuiltWithUnrealBuildTool|Win32
		{E94873FA-2518-4BB1-995A-57DA7523AFEF}.Shipping|Win64.ActiveCfg = BuiltWithUnrealBuildTool|Win32
		{E94873FA-2518-4BB1-995A-57DA7523AFEF}.Shipping|Win64.Build.0 = BuiltWithUnrealBuildTool|Win32
		{7383E85E-0027-4045-9714-C439C06D9A14}.DebugGame Editor|Win32.ActiveCfg = DebugGame_Editor|Win32
		{7383E85E-0027-4045-9714-C439C06D9A14}.DebugGame Editor|Win32.Build.0 = DebugGame_Editor|Win32
		{7383E85E-0027-4045-9714-C439C06D9A14}.DebugGame Editor|Win64.ActiveCfg = DebugGame_Editor|x64
		{7383E85E-0027-4045-9714-C439C06D9A14}.DebugGame Editor|Win64.Build.0 = DebugGame_Editor|x64
		{7383E85E-0027-4045-9714-C439C06D9A14}.DebugGame|Win32.ActiveCfg = DebugGame_Game|Win32
		{7383E85E-0027-4045-9714-C439C06D9A14}.DebugGame|Win32.Build.0 = DebugGame_Game|Win32
		{7383E85E-0027-4045-9714-C439C06D9A14}.DebugGame|Win64.ActiveCfg = DebugGame_Game|x64
		{7383E85E-0027-4045-9714-C439C06D9A14}.DebugGame|Win64.Build.0 = DebugGame_Game|x64
		{7383E85E-0027-4045-9714-C439C06D9A14}.Development Editor|Win32.ActiveCfg = Development_Editor|Win32
		{7383E85E-0027-4045-9714-C439C06D9A14}.Development Editor|Win32.Build.0 = Development_Editor|Win32
		{7383E85E-0027-4045-9714-C439C06D9A14}.Development Editor|Win64.ActiveCfg = Development_Editor|x64
		{7383E85E-0027-4045-9714-C439C06D9A14}.Development Editor|Win64.Build.0 = Development_Editor|x64
		{7383E85E-0027-4045-9714-C439C06D9A14}.Development|Win32.ActiveCfg = Development_Game|Win32
		{7383E85E-0027-4045-9714-C439C06D9A14}.Development|Win32.Build.0 = Development_Game|Win32
		{7383E85E-0027-4045-9714-C439C06D9A14}.Development|Win64.ActiveCfg = Development_Game|x64
		{7383E85E-0027-4045-9714-C439C06D9A14}.Development|Win64.Build.0 = Development_Game|x64
		{7383E85E-0027-4045-9714-C439C06D9A14}.Shipping|Win32.ActiveCfg = Shipping_Game|Win32
		{7383E85E-0027-4045-9714-C439C06D9A14}.Shipping|Win32.Build.0 = Shipping_Game|Win32
		{7383E85E-0027-4045-9714-C439C06D9A14}.Shipping|Win64.ActiveCfg = Shipping_Game|x64
		{7383E85E-0027-4045-9714-C439C06D9A14}.Shipping|Win64.Build.0 = Shipping_Game|x64
	EndGlobalSection
	GlobalSection(SolutionProperties) = preSolution
		HideSolutionNode = FALSE
	EndGlobalSection
	GlobalSection(NestedProjects) = preSolution
		{E94873FA-2518-4BB1-995A-57DA7523AFEF} = {7C25BBA0-C048-4340-83FB-64A651801B22}
		{7383E85E-0027-4045-9714-C439C06D9A14} = {32CBB3A0-54B2-4531-9C13-30D12BE2DB5E}
	EndGlobalSection
EndGlobal
